// !$*UTF8*$!
{
	archiveVersion = 1;
	classes = {
	};
	objectVersion = 56;
	objects = {

/* Begin PBXBuildFile section */
		0000A5C42ACD836E00CD3D90 /* AppDelegate.swift in Sources */ = {isa = PBXBuildFile; fileRef = 0000A5C32ACD836E00CD3D90 /* AppDelegate.swift */; };
		0000A5C82ACD836E00CD3D90 /* Main.html in Resources */ = {isa = PBXBuildFile; fileRef = 0000A5C62ACD836E00CD3D90 /* Main.html */; };
		0000A5CA2ACD836E00CD3D90 /* Icon.png in Resources */ = {isa = PBXBuildFile; fileRef = 0000A5C92ACD836E00CD3D90 /* Icon.png */; };
		0000A5CC2ACD836E00CD3D90 /* Style.css in Resources */ = {isa = PBXBuildFile; fileRef = 0000A5CB2ACD836E00CD3D90 /* Style.css */; };
		0000A5CE2ACD836E00CD3D90 /* Script.js in Resources */ = {isa = PBXBuildFile; fileRef = 0000A5CD2ACD836E00CD3D90 /* Script.js */; };
		0000A5D02ACD836E00CD3D90 /* ViewController.swift in Sources */ = {isa = PBXBuildFile; fileRef = 0000A5CF2ACD836E00CD3D90 /* ViewController.swift */; };
		0000A5D32ACD836E00CD3D90 /* Main.storyboard in Resources */ = {isa = PBXBuildFile; fileRef = 0000A5D12ACD836E00CD3D90 /* Main.storyboard */; };
		0000A5D52ACD837000CD3D90 /* Assets.xcassets in Resources */ = {isa = PBXBuildFile; fileRef = 0000A5D42ACD837000CD3D90 /* Assets.xcassets */; };
		0000A5DD2ACD837000CD3D90 /* DeclarativeNetRequestIssue Extension.appex in Embed Foundation Extensions */ = {isa = PBXBuildFile; fileRef = 0000A5DC2ACD837000CD3D90 /* DeclarativeNetRequestIssue Extension.appex */; settings = {ATTRIBUTES = (RemoveHeadersOnCopy, ); }; };
		0000A5E22ACD837000CD3D90 /* SafariWebExtensionHandler.swift in Sources */ = {isa = PBXBuildFile; fileRef = 0000A5E12ACD837000CD3D90 /* SafariWebExtensionHandler.swift */; };
		0000A5E52ACD837000CD3D90 /* _locales in Resources */ = {isa = PBXBuildFile; fileRef = 0000A5E42ACD837000CD3D90 /* _locales */; };
		0000A5E72ACD837000CD3D90 /* images in Resources */ = {isa = PBXBuildFile; fileRef = 0000A5E62ACD837000CD3D90 /* images */; };
		0000A5E92ACD837000CD3D90 /* manifest.json in Resources */ = {isa = PBXBuildFile; fileRef = 0000A5E82ACD837000CD3D90 /* manifest.json */; };
		0000A5EB2ACD837000CD3D90 /* background.js in Resources */ = {isa = PBXBuildFile; fileRef = 0000A5EA2ACD837000CD3D90 /* background.js */; };
		0000A5ED2ACD837000CD3D90 /* content.js in Resources */ = {isa = PBXBuildFile; fileRef = 0000A5EC2ACD837000CD3D90 /* content.js */; };
		0000A5EF2ACD837000CD3D90 /* popup.html in Resources */ = {isa = PBXBuildFile; fileRef = 0000A5EE2ACD837000CD3D90 /* popup.html */; };
		0000A5F12ACD837000CD3D90 /* popup.css in Resources */ = {isa = PBXBuildFile; fileRef = 0000A5F02ACD837000CD3D90 /* popup.css */; };
		0000A5F32ACD837000CD3D90 /* popup.js in Resources */ = {isa = PBXBuildFile; fileRef = 0000A5F22ACD837000CD3D90 /* popup.js */; };
/* End PBXBuildFile section */

/* Begin PBXContainerItemProxy section */
		0000A5DE2ACD837000CD3D90 /* PBXContainerItemProxy */ = {
			isa = PBXContainerItemProxy;
			containerPortal = 0000A5B82ACD836E00CD3D90 /* Project object */;
			proxyType = 1;
			remoteGlobalIDString = 0000A5DB2ACD837000CD3D90;
			remoteInfo = "DeclarativeNetRequestIssue Extension";
		};
/* End PBXContainerItemProxy section */

/* Begin PBXCopyFilesBuildPhase section */
		0000A5FB2ACD837000CD3D90 /* Embed Foundation Extensions */ = {
			isa = PBXCopyFilesBuildPhase;
			buildActionMask = 2147483647;
			dstPath = "";
			dstSubfolderSpec = 13;
			files = (
				0000A5DD2ACD837000CD3D90 /* DeclarativeNetRequestIssue Extension.appex in Embed Foundation Extensions */,
			);
			name = "Embed Foundation Extensions";
			runOnlyForDeploymentPostprocessing = 0;
		};
/* End PBXCopyFilesBuildPhase section */

/* Begin PBXFileReference section */
		0000A5C02ACD836E00CD3D90 /* DeclarativeNetRequestIssue.app */ = {isa = PBXFileReference; explicitFileType = wrapper.application; includeInIndex = 0; path = DeclarativeNetRequestIssue.app; sourceTree = BUILT_PRODUCTS_DIR; };
		0000A5C32ACD836E00CD3D90 /* AppDelegate.swift */ = {isa = PBXFileReference; lastKnownFileType = sourcecode.swift; path = AppDelegate.swift; sourceTree = "<group>"; };
		0000A5C72ACD836E00CD3D90 /* Base */ = {isa = PBXFileReference; lastKnownFileType = text.html; name = Base; path = ../Base.lproj/Main.html; sourceTree = "<group>"; };
		0000A5C92ACD836E00CD3D90 /* Icon.png */ = {isa = PBXFileReference; lastKnownFileType = image.png; path = Icon.png; sourceTree = "<group>"; };
		0000A5CB2ACD836E00CD3D90 /* Style.css */ = {isa = PBXFileReference; lastKnownFileType = text.css; path = Style.css; sourceTree = "<group>"; };
		0000A5CD2ACD836E00CD3D90 /* Script.js */ = {isa = PBXFileReference; lastKnownFileType = sourcecode.javascript; path = Script.js; sourceTree = "<group>"; };
		0000A5CF2ACD836E00CD3D90 /* ViewController.swift */ = {isa = PBXFileReference; lastKnownFileType = sourcecode.swift; path = ViewController.swift; sourceTree = "<group>"; };
		0000A5D22ACD836E00CD3D90 /* Base */ = {isa = PBXFileReference; lastKnownFileType = file.storyboard; name = Base; path = Base.lproj/Main.storyboard; sourceTree = "<group>"; };
		0000A5D42ACD837000CD3D90 /* Assets.xcassets */ = {isa = PBXFileReference; lastKnownFileType = folder.assetcatalog; path = Assets.xcassets; sourceTree = "<group>"; };
		0000A5D62ACD837000CD3D90 /* DeclarativeNetRequestIssue.entitlements */ = {isa = PBXFileReference; lastKnownFileType = text.plist.entitlements; path = DeclarativeNetRequestIssue.entitlements; sourceTree = "<group>"; };
		0000A5D72ACD837000CD3D90 /* DeclarativeNetRequestIssue.entitlements */ = {isa = PBXFileReference; lastKnownFileType = text.plist.entitlements; path = DeclarativeNetRequestIssue.entitlements; sourceTree = "<group>"; };
		0000A5DC2ACD837000CD3D90 /* DeclarativeNetRequestIssue Extension.appex */ = {isa = PBXFileReference; explicitFileType = "wrapper.app-extension"; includeInIndex = 0; path = "DeclarativeNetRequestIssue Extension.appex"; sourceTree = BUILT_PRODUCTS_DIR; };
		0000A5E12ACD837000CD3D90 /* SafariWebExtensionHandler.swift */ = {isa = PBXFileReference; lastKnownFileType = sourcecode.swift; path = SafariWebExtensionHandler.swift; sourceTree = "<group>"; };
		0000A5E42ACD837000CD3D90 /* _locales */ = {isa = PBXFileReference; lastKnownFileType = folder; path = _locales; sourceTree = "<group>"; };
		0000A5E62ACD837000CD3D90 /* images */ = {isa = PBXFileReference; lastKnownFileType = folder; path = images; sourceTree = "<group>"; };
		0000A5E82ACD837000CD3D90 /* manifest.json */ = {isa = PBXFileReference; lastKnownFileType = text.json; path = manifest.json; sourceTree = "<group>"; };
		0000A5EA2ACD837000CD3D90 /* background.js */ = {isa = PBXFileReference; lastKnownFileType = sourcecode.javascript; path = background.js; sourceTree = "<group>"; };
		0000A5EC2ACD837000CD3D90 /* content.js */ = {isa = PBXFileReference; lastKnownFileType = sourcecode.javascript; path = content.js; sourceTree = "<group>"; };
		0000A5EE2ACD837000CD3D90 /* popup.html */ = {isa = PBXFileReference; lastKnownFileType = text.html; path = popup.html; sourceTree = "<group>"; };
		0000A5F02ACD837000CD3D90 /* popup.css */ = {isa = PBXFileReference; lastKnownFileType = text.css; path = popup.css; sourceTree = "<group>"; };
		0000A5F22ACD837000CD3D90 /* popup.js */ = {isa = PBXFileReference; lastKnownFileType = sourcecode.javascript; path = popup.js; sourceTree = "<group>"; };
		0000A5F42ACD837000CD3D90 /* Info.plist */ = {isa = PBXFileReference; lastKnownFileType = text.plist.xml; path = Info.plist; sourceTree = "<group>"; };
		0000A5F52ACD837000CD3D90 /* DeclarativeNetRequestIssue_Extension.entitlements */ = {isa = PBXFileReference; lastKnownFileType = text.plist.entitlements; path = DeclarativeNetRequestIssue_Extension.entitlements; sourceTree = "<group>"; };
/* End PBXFileReference section */

/* Begin PBXFrameworksBuildPhase section */
		0000A5BD2ACD836E00CD3D90 /* Frameworks */ = {
			isa = PBXFrameworksBuildPhase;
			buildActionMask = 2147483647;
			files = (
			);
			runOnlyForDeploymentPostprocessing = 0;
		};
		0000A5D92ACD837000CD3D90 /* Frameworks */ = {
			isa = PBXFrameworksBuildPhase;
			buildActionMask = 2147483647;
			files = (
			);
			runOnlyForDeploymentPostprocessing = 0;
		};
/* End PBXFrameworksBuildPhase section */

/* Begin PBXGroup section */
		0000A5B72ACD836E00CD3D90 = {
			isa = PBXGroup;
			children = (
				0000A5C22ACD836E00CD3D90 /* DeclarativeNetRequestIssue */,
				0000A5E02ACD837000CD3D90 /* DeclarativeNetRequestIssue Extension */,
				0000A5C12ACD836E00CD3D90 /* Products */,
			);
			sourceTree = "<group>";
		};
		0000A5C12ACD836E00CD3D90 /* Products */ = {
			isa = PBXGroup;
			children = (
				0000A5C02ACD836E00CD3D90 /* DeclarativeNetRequestIssue.app */,
				0000A5DC2ACD837000CD3D90 /* DeclarativeNetRequestIssue Extension.appex */,
			);
			name = Products;
			sourceTree = "<group>";
		};
		0000A5C22ACD836E00CD3D90 /* DeclarativeNetRequestIssue */ = {
			isa = PBXGroup;
			children = (
				0000A5C32ACD836E00CD3D90 /* AppDelegate.swift */,
				0000A5CF2ACD836E00CD3D90 /* ViewController.swift */,
				0000A5D12ACD836E00CD3D90 /* Main.storyboard */,
				0000A5D42ACD837000CD3D90 /* Assets.xcassets */,
				0000A5D62ACD837000CD3D90 /* DeclarativeNetRequestIssue.entitlements */,
				0000A5D72ACD837000CD3D90 /* DeclarativeNetRequestIssue.entitlements */,
				0000A5C52ACD836E00CD3D90 /* Resources */,
			);
			path = DeclarativeNetRequestIssue;
			sourceTree = "<group>";
		};
		0000A5C52ACD836E00CD3D90 /* Resources */ = {
			isa = PBXGroup;
			children = (
				0000A5C62ACD836E00CD3D90 /* Main.html */,
				0000A5C92ACD836E00CD3D90 /* Icon.png */,
				0000A5CB2ACD836E00CD3D90 /* Style.css */,
				0000A5CD2ACD836E00CD3D90 /* Script.js */,
			);
			path = Resources;
			sourceTree = "<group>";
		};
		0000A5E02ACD837000CD3D90 /* DeclarativeNetRequestIssue Extension */ = {
			isa = PBXGroup;
			children = (
				0000A5E12ACD837000CD3D90 /* SafariWebExtensionHandler.swift */,
				0000A5F42ACD837000CD3D90 /* Info.plist */,
				0000A5F52ACD837000CD3D90 /* DeclarativeNetRequestIssue_Extension.entitlements */,
				0000A5E32ACD837000CD3D90 /* Resources */,
			);
			path = "DeclarativeNetRequestIssue Extension";
			sourceTree = "<group>";
		};
		0000A5E32ACD837000CD3D90 /* Resources */ = {
			isa = PBXGroup;
			children = (
				0000A5E42ACD837000CD3D90 /* _locales */,
				0000A5E62ACD837000CD3D90 /* images */,
				0000A5E82ACD837000CD3D90 /* manifest.json */,
				0000A5EA2ACD837000CD3D90 /* background.js */,
				0000A5EC2ACD837000CD3D90 /* content.js */,
				0000A5EE2ACD837000CD3D90 /* popup.html */,
				0000A5F02ACD837000CD3D90 /* popup.css */,
				0000A5F22ACD837000CD3D90 /* popup.js */,
			);
			path = Resources;
			sourceTree = "<group>";
		};
/* End PBXGroup section */

/* Begin PBXNativeTarget section */
		0000A5BF2ACD836E00CD3D90 /* DeclarativeNetRequestIssue */ = {
			isa = PBXNativeTarget;
			buildConfigurationList = 0000A5FC2ACD837000CD3D90 /* Build configuration list for PBXNativeTarget "DeclarativeNetRequestIssue" */;
			buildPhases = (
				0000A5BC2ACD836E00CD3D90 /* Sources */,
				0000A5BD2ACD836E00CD3D90 /* Frameworks */,
				0000A5BE2ACD836E00CD3D90 /* Resources */,
				0000A5FB2ACD837000CD3D90 /* Embed Foundation Extensions */,
			);
			buildRules = (
			);
			dependencies = (
				0000A5DF2ACD837000CD3D90 /* PBXTargetDependency */,
			);
			name = DeclarativeNetRequestIssue;
			productName = DeclarativeNetRequestIssue;
			productReference = 0000A5C02ACD836E00CD3D90 /* DeclarativeNetRequestIssue.app */;
			productType = "com.apple.product-type.application";
		};
		0000A5DB2ACD837000CD3D90 /* DeclarativeNetRequestIssue Extension */ = {
			isa = PBXNativeTarget;
			buildConfigurationList = 0000A5F82ACD837000CD3D90 /* Build configuration list for PBXNativeTarget "DeclarativeNetRequestIssue Extension" */;
			buildPhases = (
				0000A5D82ACD837000CD3D90 /* Sources */,
				0000A5D92ACD837000CD3D90 /* Frameworks */,
				0000A5DA2ACD837000CD3D90 /* Resources */,
			);
			buildRules = (
			);
			dependencies = (
			);
			name = "DeclarativeNetRequestIssue Extension";
			productName = "DeclarativeNetRequestIssue Extension";
			productReference = 0000A5DC2ACD837000CD3D90 /* DeclarativeNetRequestIssue Extension.appex */;
			productType = "com.apple.product-type.app-extension";
		};
/* End PBXNativeTarget section */

/* Begin PBXProject section */
		0000A5B82ACD836E00CD3D90 /* Project object */ = {
			isa = PBXProject;
			attributes = {
				BuildIndependentTargetsInParallel = 1;
				LastSwiftUpdateCheck = 1500;
				LastUpgradeCheck = 1500;
				TargetAttributes = {
					0000A5BF2ACD836E00CD3D90 = {
						CreatedOnToolsVersion = 15.0;
					};
					0000A5DB2ACD837000CD3D90 = {
						CreatedOnToolsVersion = 15.0;
					};
				};
			};
			buildConfigurationList = 0000A5BB2ACD836E00CD3D90 /* Build configuration list for PBXProject "DeclarativeNetRequestIssue" */;
			compatibilityVersion = "Xcode 14.0";
			developmentRegion = en;
			hasScannedForEncodings = 0;
			knownRegions = (
				en,
				Base,
			);
			mainGroup = 0000A5B72ACD836E00CD3D90;
			productRefGroup = 0000A5C12ACD836E00CD3D90 /* Products */;
			projectDirPath = "";
			projectRoot = "";
			targets = (
				0000A5BF2ACD836E00CD3D90 /* DeclarativeNetRequestIssue */,
				0000A5DB2ACD837000CD3D90 /* DeclarativeNetRequestIssue Extension */,
			);
		};
/* End PBXProject section */

/* Begin PBXResourcesBuildPhase section */
		0000A5BE2ACD836E00CD3D90 /* Resources */ = {
			isa = PBXResourcesBuildPhase;
			buildActionMask = 2147483647;
			files = (
				0000A5CA2ACD836E00CD3D90 /* Icon.png in Resources */,
				0000A5D32ACD836E00CD3D90 /* Main.storyboard in Resources */,
				0000A5CE2ACD836E00CD3D90 /* Script.js in Resources */,
				0000A5C82ACD836E00CD3D90 /* Main.html in Resources */,
				0000A5D52ACD837000CD3D90 /* Assets.xcassets in Resources */,
				0000A5CC2ACD836E00CD3D90 /* Style.css in Resources */,
			);
			runOnlyForDeploymentPostprocessing = 0;
		};
		0000A5DA2ACD837000CD3D90 /* Resources */ = {
			isa = PBXResourcesBuildPhase;
			buildActionMask = 2147483647;
			files = (
				0000A5EB2ACD837000CD3D90 /* background.js in Resources */,
				0000A5F12ACD837000CD3D90 /* popup.css in Resources */,
				0000A5EF2ACD837000CD3D90 /* popup.html in Resources */,
				0000A5E72ACD837000CD3D90 /* images in Resources */,
				0000A5E92ACD837000CD3D90 /* manifest.json in Resources */,
				0000A5E52ACD837000CD3D90 /* _locales in Resources */,
				0000A5ED2ACD837000CD3D90 /* content.js in Resources */,
				0000A5F32ACD837000CD3D90 /* popup.js in Resources */,
			);
			runOnlyForDeploymentPostprocessing = 0;
		};
/* End PBXResourcesBuildPhase section */

/* Begin PBXSourcesBuildPhase section */
		0000A5BC2ACD836E00CD3D90 /* Sources */ = {
			isa = PBXSourcesBuildPhase;
			buildActionMask = 2147483647;
			files = (
				0000A5D02ACD836E00CD3D90 /* ViewController.swift in Sources */,
				0000A5C42ACD836E00CD3D90 /* AppDelegate.swift in Sources */,
			);
			runOnlyForDeploymentPostprocessing = 0;
		};
		0000A5D82ACD837000CD3D90 /* Sources */ = {
			isa = PBXSourcesBuildPhase;
			buildActionMask = 2147483647;
			files = (
				0000A5E22ACD837000CD3D90 /* SafariWebExtensionHandler.swift in Sources */,
			);
			runOnlyForDeploymentPostprocessing = 0;
		};
/* End PBXSourcesBuildPhase section */

/* Begin PBXTargetDependency section */
		0000A5DF2ACD837000CD3D90 /* PBXTargetDependency */ = {
			isa = PBXTargetDependency;
			target = 0000A5DB2ACD837000CD3D90 /* DeclarativeNetRequestIssue Extension */;
			targetProxy = 0000A5DE2ACD837000CD3D90 /* PBXContainerItemProxy */;
		};
/* End PBXTargetDependency section */

/* Begin PBXVariantGroup section */
		0000A5C62ACD836E00CD3D90 /* Main.html */ = {
			isa = PBXVariantGroup;
			children = (
				0000A5C72ACD836E00CD3D90 /* Base */,
			);
			name = Main.html;
			sourceTree = "<group>";
		};
		0000A5D12ACD836E00CD3D90 /* Main.storyboard */ = {
			isa = PBXVariantGroup;
			children = (
				0000A5D22ACD836E00CD3D90 /* Base */,
			);
			name = Main.storyboard;
			sourceTree = "<group>";
		};
/* End PBXVariantGroup section */

/* Begin XCBuildConfiguration section */
		0000A5F62ACD837000CD3D90 /* Debug */ = {
			isa = XCBuildConfiguration;
			buildSettings = {
				ALWAYS_SEARCH_USER_PATHS = NO;
				ASSETCATALOG_COMPILER_GENERATE_SWIFT_ASSET_SYMBOL_EXTENSIONS = YES;
				CLANG_ANALYZER_NONNULL = YES;
				CLANG_ANALYZER_NUMBER_OBJECT_CONVERSION = YES_AGGRESSIVE;
				CLANG_CXX_LANGUAGE_STANDARD = "gnu++20";
				CLANG_ENABLE_MODULES = YES;
				CLANG_ENABLE_OBJC_ARC = YES;
				CLANG_ENABLE_OBJC_WEAK = YES;
				CLANG_WARN_BLOCK_CAPTURE_AUTORELEASING = YES;
				CLANG_WARN_BOOL_CONVERSION = YES;
				CLANG_WARN_COMMA = YES;
				CLANG_WARN_CONSTANT_CONVERSION = YES;
				CLANG_WARN_DEPRECATED_OBJC_IMPLEMENTATIONS = YES;
				CLANG_WARN_DIRECT_OBJC_ISA_USAGE = YES_ERROR;
				CLANG_WARN_DOCUMENTATION_COMMENTS = YES;
				CLANG_WARN_EMPTY_BODY = YES;
				CLANG_WARN_ENUM_CONVERSION = YES;
				CLANG_WARN_INFINITE_RECURSION = YES;
				CLANG_WARN_INT_CONVERSION = YES;
				CLANG_WARN_NON_LITERAL_NULL_CONVERSION = YES;
				CLANG_WARN_OBJC_IMPLICIT_RETAIN_SELF = YES;
				CLANG_WARN_OBJC_LITERAL_CONVERSION = YES;
				CLANG_WARN_OBJC_ROOT_CLASS = YES_ERROR;
				CLANG_WARN_QUOTED_INCLUDE_IN_FRAMEWORK_HEADER = YES;
				CLANG_WARN_RANGE_LOOP_ANALYSIS = YES;
				CLANG_WARN_STRICT_PROTOTYPES = YES;
				CLANG_WARN_SUSPICIOUS_MOVE = YES;
				CLANG_WARN_UNGUARDED_AVAILABILITY = YES_AGGRESSIVE;
				CLANG_WARN_UNREACHABLE_CODE = YES;
				CLANG_WARN__DUPLICATE_METHOD_MATCH = YES;
				COPY_PHASE_STRIP = NO;
				DEBUG_INFORMATION_FORMAT = dwarf;
				ENABLE_STRICT_OBJC_MSGSEND = YES;
				ENABLE_TESTABILITY = YES;
				ENABLE_USER_SCRIPT_SANDBOXING = YES;
				GCC_C_LANGUAGE_STANDARD = gnu17;
				GCC_DYNAMIC_NO_PIC = NO;
				GCC_NO_COMMON_BLOCKS = YES;
				GCC_OPTIMIZATION_LEVEL = 0;
				GCC_PREPROCESSOR_DEFINITIONS = (
					"DEBUG=1",
					"$(inherited)",
				);
				GCC_WARN_64_TO_32_BIT_CONVERSION = YES;
				GCC_WARN_ABOUT_RETURN_TYPE = YES_ERROR;
				GCC_WARN_UNDECLARED_SELECTOR = YES;
				GCC_WARN_UNINITIALIZED_AUTOS = YES_AGGRESSIVE;
				GCC_WARN_UNUSED_FUNCTION = YES;
				GCC_WARN_UNUSED_VARIABLE = YES;
				LOCALIZATION_PREFERS_STRING_CATALOGS = YES;
				MACOSX_DEPLOYMENT_TARGET = 14.0;
				MTL_ENABLE_DEBUG_INFO = INCLUDE_SOURCE;
				MTL_FAST_MATH = YES;
				ONLY_ACTIVE_ARCH = YES;
				SDKROOT = macosx;
				SWIFT_ACTIVE_COMPILATION_CONDITIONS = "DEBUG $(inherited)";
				SWIFT_OPTIMIZATION_LEVEL = "-Onone";
			};
			name = Debug;
		};
		0000A5F72ACD837000CD3D90 /* Release */ = {
			isa = XCBuildConfiguration;
			buildSettings = {
				ALWAYS_SEARCH_USER_PATHS = NO;
				ASSETCATALOG_COMPILER_GENERATE_SWIFT_ASSET_SYMBOL_EXTENSIONS = YES;
				CLANG_ANALYZER_NONNULL = YES;
				CLANG_ANALYZER_NUMBER_OBJECT_CONVERSION = YES_AGGRESSIVE;
				CLANG_CXX_LANGUAGE_STANDARD = "gnu++20";
				CLANG_ENABLE_MODULES = YES;
				CLANG_ENABLE_OBJC_ARC = YES;
				CLANG_ENABLE_OBJC_WEAK = YES;
				CLANG_WARN_BLOCK_CAPTURE_AUTORELEASING = YES;
				CLANG_WARN_BOOL_CONVERSION = YES;
				CLANG_WARN_COMMA = YES;
				CLANG_WARN_CONSTANT_CONVERSION = YES;
				CLANG_WARN_DEPRECATED_OBJC_IMPLEMENTATIONS = YES;
				CLANG_WARN_DIRECT_OBJC_ISA_USAGE = YES_ERROR;
				CLANG_WARN_DOCUMENTATION_COMMENTS = YES;
				CLANG_WARN_EMPTY_BODY = YES;
				CLANG_WARN_ENUM_CONVERSION = YES;
				CLANG_WARN_INFINITE_RECURSION = YES;
				CLANG_WARN_INT_CONVERSION = YES;
				CLANG_WARN_NON_LITERAL_NULL_CONVERSION = YES;
				CLANG_WARN_OBJC_IMPLICIT_RETAIN_SELF = YES;
				CLANG_WARN_OBJC_LITERAL_CONVERSION = YES;
				CLANG_WARN_OBJC_ROOT_CLASS = YES_ERROR;
				CLANG_WARN_QUOTED_INCLUDE_IN_FRAMEWORK_HEADER = YES;
				CLANG_WARN_RANGE_LOOP_ANALYSIS = YES;
				CLANG_WARN_STRICT_PROTOTYPES = YES;
				CLANG_WARN_SUSPICIOUS_MOVE = YES;
				CLANG_WARN_UNGUARDED_AVAILABILITY = YES_AGGRESSIVE;
				CLANG_WARN_UNREACHABLE_CODE = YES;
				CLANG_WARN__DUPLICATE_METHOD_MATCH = YES;
				COPY_PHASE_STRIP = NO;
				DEBUG_INFORMATION_FORMAT = "dwarf-with-dsym";
				ENABLE_NS_ASSERTIONS = NO;
				ENABLE_STRICT_OBJC_MSGSEND = YES;
				ENABLE_USER_SCRIPT_SANDBOXING = YES;
				GCC_C_LANGUAGE_STANDARD = gnu17;
				GCC_NO_COMMON_BLOCKS = YES;
				GCC_WARN_64_TO_32_BIT_CONVERSION = YES;
				GCC_WARN_ABOUT_RETURN_TYPE = YES_ERROR;
				GCC_WARN_UNDECLARED_SELECTOR = YES;
				GCC_WARN_UNINITIALIZED_AUTOS = YES_AGGRESSIVE;
				GCC_WARN_UNUSED_FUNCTION = YES;
				GCC_WARN_UNUSED_VARIABLE = YES;
				LOCALIZATION_PREFERS_STRING_CATALOGS = YES;
				MACOSX_DEPLOYMENT_TARGET = 14.0;
				MTL_ENABLE_DEBUG_INFO = NO;
				MTL_FAST_MATH = YES;
				SDKROOT = macosx;
				SWIFT_COMPILATION_MODE = wholemodule;
			};
			name = Release;
		};
		0000A5F92ACD837000CD3D90 /* Debug */ = {
			isa = XCBuildConfiguration;
			buildSettings = {
				CODE_SIGN_ENTITLEMENTS = "DeclarativeNetRequestIssue Extension/DeclarativeNetRequestIssue_Extension.entitlements";
				CODE_SIGN_STYLE = Automatic;
				CURRENT_PROJECT_VERSION = 1;
				DEVELOPMENT_TEAM = ZVWN4UJS9M;
				ENABLE_HARDENED_RUNTIME = YES;
				GENERATE_INFOPLIST_FILE = YES;
				INFOPLIST_FILE = "DeclarativeNetRequestIssue Extension/Info.plist";
				INFOPLIST_KEY_CFBundleDisplayName = "DeclarativeNetRequestIssue Extension";
				INFOPLIST_KEY_NSHumanReadableCopyright = "";
				LD_RUNPATH_SEARCH_PATHS = (
					"$(inherited)",
					"@executable_path/../Frameworks",
					"@executable_path/../../../../Frameworks",
				);
				MACOSX_DEPLOYMENT_TARGET = 10.14;
				MARKETING_VERSION = 1.0;
				OTHER_LDFLAGS = (
					"-framework",
					SafariServices,
				);
				PRODUCT_BUNDLE_IDENTIFIER = io.github.mshibanami.DeclarativeNetRequestIssue.Extension;
				PRODUCT_NAME = "$(TARGET_NAME)";
				SKIP_INSTALL = YES;
				SWIFT_EMIT_LOC_STRINGS = YES;
				SWIFT_VERSION = 5.0;
			};
			name = Debug;
		};
		0000A5FA2ACD837000CD3D90 /* Release */ = {
			isa = XCBuildConfiguration;
			buildSettings = {
				CODE_SIGN_ENTITLEMENTS = "DeclarativeNetRequestIssue Extension/DeclarativeNetRequestIssue_Extension.entitlements";
				CODE_SIGN_STYLE = Automatic;
				CURRENT_PROJECT_VERSION = 1;
				DEVELOPMENT_TEAM = ZVWN4UJS9M;
				ENABLE_HARDENED_RUNTIME = YES;
				GENERATE_INFOPLIST_FILE = YES;
				INFOPLIST_FILE = "DeclarativeNetRequestIssue Extension/Info.plist";
				INFOPLIST_KEY_CFBundleDisplayName = "DeclarativeNetRequestIssue Extension";
				INFOPLIST_KEY_NSHumanReadableCopyright = "";
				LD_RUNPATH_SEARCH_PATHS = (
					"$(inherited)",
					"@executable_path/../Frameworks",
					"@executable_path/../../../../Frameworks",
				);
				MACOSX_DEPLOYMENT_TARGET = 10.14;
				MARKETING_VERSION = 1.0;
				OTHER_LDFLAGS = (
					"-framework",
					SafariServices,
				);
				PRODUCT_BUNDLE_IDENTIFIER = io.github.mshibanami.DeclarativeNetRequestIssue.Extension;
				PRODUCT_NAME = "$(TARGET_NAME)";
				SKIP_INSTALL = YES;
				SWIFT_EMIT_LOC_STRINGS = YES;
				SWIFT_VERSION = 5.0;
			};
			name = Release;
		};
		0000A5FD2ACD837000CD3D90 /* Debug */ = {
			isa = XCBuildConfiguration;
			buildSettings = {
				ALWAYS_EMBED_SWIFT_STANDARD_LIBRARIES = YES;
				ASSETCATALOG_COMPILER_APPICON_NAME = AppIcon;
				ASSETCATALOG_COMPILER_GLOBAL_ACCENT_COLOR_NAME = AccentColor;
				CODE_SIGN_ENTITLEMENTS = DeclarativeNetRequestIssue/DeclarativeNetRequestIssue.entitlements;
				CODE_SIGN_STYLE = Automatic;
				COMBINE_HIDPI_IMAGES = YES;
				CURRENT_PROJECT_VERSION = 1;
				DEVELOPMENT_TEAM = ZVWN4UJS9M;
				ENABLE_HARDENED_RUNTIME = YES;
				GENERATE_INFOPLIST_FILE = YES;
				INFOPLIST_KEY_CFBundleDisplayName = DeclarativeNetRequestIssue;
				INFOPLIST_KEY_NSHumanReadableCopyright = "";
				INFOPLIST_KEY_NSMainStoryboardFile = Main;
				INFOPLIST_KEY_NSPrincipalClass = NSApplication;
				LD_RUNPATH_SEARCH_PATHS = (
					"$(inherited)",
					"@executable_path/../Frameworks",
				);
				MACOSX_DEPLOYMENT_TARGET = 10.14;
				MARKETING_VERSION = 1.0;
				OTHER_LDFLAGS = (
					"-framework",
					SafariServices,
					"-framework",
					WebKit,
				);
				PRODUCT_BUNDLE_IDENTIFIER = io.github.mshibanami.DeclarativeNetRequestIssue;
				PRODUCT_NAME = "$(TARGET_NAME)";
				SWIFT_EMIT_LOC_STRINGS = YES;
				SWIFT_VERSION = 5.0;
			};
			name = Debug;
		};
		0000A5FE2ACD837000CD3D90 /* Release */ = {
			isa = XCBuildConfiguration;
			buildSettings = {
				ALWAYS_EMBED_SWIFT_STANDARD_LIBRARIES = YES;
				ASSETCATALOG_COMPILER_APPICON_NAME = AppIcon;
				ASSETCATALOG_COMPILER_GLOBAL_ACCENT_COLOR_NAME = AccentColor;
				CODE_SIGN_ENTITLEMENTS = DeclarativeNetRequestIssue/DeclarativeNetRequestIssue.entitlements;
				CODE_SIGN_STYLE = Automatic;
				COMBINE_HIDPI_IMAGES = YES;
				CURRENT_PROJECT_VERSION = 1;
				DEVELOPMENT_TEAM = ZVWN4UJS9M;
				ENABLE_HARDENED_RUNTIME = YES;
				GENERATE_INFOPLIST_FILE = YES;
				INFOPLIST_KEY_CFBundleDisplayName = DeclarativeNetRequestIssue;
				INFOPLIST_KEY_NSHumanReadableCopyright = "";
				INFOPLIST_KEY_NSMainStoryboardFile = Main;
				INFOPLIST_KEY_NSPrincipalClass = NSApplication;
				LD_RUNPATH_SEARCH_PATHS = (
					"$(inherited)",
					"@executable_path/../Frameworks",
				);
				MACOSX_DEPLOYMENT_TARGET = 10.14;
				MARKETING_VERSION = 1.0;
				OTHER_LDFLAGS = (
					"-framework",
					SafariServices,
					"-framework",
					WebKit,
				);
				PRODUCT_BUNDLE_IDENTIFIER = io.github.mshibanami.DeclarativeNetRequestIssue;
				PRODUCT_NAME = "$(TARGET_NAME)";
				SWIFT_EMIT_LOC_STRINGS = YES;
				SWIFT_VERSION = 5.0;
			};
			name = Release;
		};
/* End XCBuildConfiguration section */

/* Begin XCConfigurationList section */
		0000A5BB2ACD836E00CD3D90 /* Build configuration list for PBXProject "DeclarativeNetRequestIssue" */ = {
			isa = XCConfigurationList;
			buildConfigurations = (
				0000A5F62ACD837000CD3D90 /* Debug */,
				0000A5F72ACD837000CD3D90 /* Release */,
			);
			defaultConfigurationIsVisible = 0;
			defaultConfigurationName = Release;
		};
		0000A5F82ACD837000CD3D90 /* Build configuration list for PBXNativeTarget "DeclarativeNetRequestIssue Extension" */ = {
			isa = XCConfigurationList;
			buildConfigurations = (
				0000A5F92ACD837000CD3D90 /* Debug */,
				0000A5FA2ACD837000CD3D90 /* Release */,
			);
			defaultConfigurationIsVisible = 0;
			defaultConfigurationName = Release;
		};
		0000A5FC2ACD837000CD3D90 /* Build configuration list for PBXNativeTarget "DeclarativeNetRequestIssue" */ = {
			isa = XCConfigurationList;
			buildConfigurations = (
				0000A5FD2ACD837000CD3D90 /* Debug */,
				0000A5FE2ACD837000CD3D90 /* Release */,
			);
			defaultConfigurationIsVisible = 0;
			defaultConfigurationName = Release;
		};
/* End XCConfigurationList section */
	};
	rootObject = 0000A5B82ACD836E00CD3D90 /* Project object */;
}
